
Microsoft Visual Studio Solution File, Format Version 12.00
# Visual Studio Version 16
VisualStudioVersion = 16.0.30907.101
MinimumVisualStudioVersion = 10.0.40219.1
Project("{FAE04EC0-301F-11D3-BF4B-00C04F79EFBC}") = "ImportExportManagementAPI", "ImportExportManagementAPI\ImportExportManagementAPI.csproj", "{B7B7FDCF-48F8-43AB-BC02-5CD282C8A809}"
EndProject
Global
	GlobalSection(SolutionConfigurationPlatforms) = preSolution
		Debug|Any CPU = Debug|Any CPU
		Release|Any CPU = Release|Any CPU
	EndGlobalSection
	GlobalSection(ProjectConfigurationPlatforms) = postSolution
		{B7B7FDCF-48F8-43AB-BC02-5CD282C8A809}.Debug|Any CPU.ActiveCfg = Debug|Any CPU
		{B7B7FDCF-48F8-43AB-BC02-5CD282C8A809}.Debug|Any CPU.Build.0 = Debug|Any CPU
		{B7B7FDCF-48F8-43AB-BC02-5CD282C8A809}.Release|Any CPU.ActiveCfg = Release|Any CPU
		{B7B7FDCF-48F8-43AB-BC02-5CD282C8A809}.Release|Any CPU.Build.0 = Release|Any CPU
	EndGlobalSection
	GlobalSection(SolutionProperties) = preSolution
		HideSolutionNode = FALSE
	EndGlobalSection
	GlobalSection(ExtensibilityGlobals) = postSolution
		SolutionGuid = {FB3B6B08-1BD6-4132-8922-708F3F2CC2C1}
	EndGlobalSection
EndGlobal
